// !$*UTF8*$!
{
	archiveVersion = 1;
	classes = {
	};
	objectVersion = 50;
	objects = {

/* Begin PBXBuildFile section */
		0257CAEE243749DA0069048F /* ClickAction.m in Sources */ = {isa = PBXBuildFile; fileRef = 0257CAED243749DA0069048F /* ClickAction.m */; };
		0257CAF024374B0D0069048F /* ClickAction-Bridging-Header.h in Sources */ = {isa = PBXBuildFile; fileRef = 0257CAEF24374B0D0069048F /* ClickAction-Bridging-Header.h */; };
		02BAA38B2436E9D600D67257 /* AppDelegate.swift in Sources */ = {isa = PBXBuildFile; fileRef = 02BAA38A2436E9D600D67257 /* AppDelegate.swift */; };
		02BAA38D2436E9D600D67257 /* ContentView.swift in Sources */ = {isa = PBXBuildFile; fileRef = 02BAA38C2436E9D600D67257 /* ContentView.swift */; };
		02BAA38F2436E9E400D67257 /* Assets.xcassets in Resources */ = {isa = PBXBuildFile; fileRef = 02BAA38E2436E9E400D67257 /* Assets.xcassets */; };
		02BAA3922436E9E400D67257 /* Preview Assets.xcassets in Resources */ = {isa = PBXBuildFile; fileRef = 02BAA3912436E9E400D67257 /* Preview Assets.xcassets */; };
		02BAA3952436E9E400D67257 /* Main.storyboard in Resources */ = {isa = PBXBuildFile; fileRef = 02BAA3932436E9E400D67257 /* Main.storyboard */; };
		02BAA39E2436F9F300D67257 /* MyWindow.swift in Sources */ = {isa = PBXBuildFile; fileRef = 02BAA39D2436F9F300D67257 /* MyWindow.swift */; };
		02C72FE125916E380088AD5E /* GridManager.swift in Sources */ = {isa = PBXBuildFile; fileRef = 02C72FE025916E380088AD5E /* GridManager.swift */; };
		02C72FE52591AB8F0088AD5E /* MenuBarManager.swift in Sources */ = {isa = PBXBuildFile; fileRef = 02C72FE42591AB8F0088AD5E /* MenuBarManager.swift */; };
		02E7FF892439D2B7007F7931 /* CellManager.swift in Sources */ = {isa = PBXBuildFile; fileRef = 02E7FF882439D2B7007F7931 /* CellManager.swift */; };
		02E7FF8B2439D5DB007F7931 /* KeyboardManager.swift in Sources */ = {isa = PBXBuildFile; fileRef = 02E7FF8A2439D5DB007F7931 /* KeyboardManager.swift */; };
		02E7FF8D2439D905007F7931 /* WindowManager.swift in Sources */ = {isa = PBXBuildFile; fileRef = 02E7FF8C2439D905007F7931 /* WindowManager.swift */; };
		02E7FF8F2439F2CB007F7931 /* MouseManager.swift in Sources */ = {isa = PBXBuildFile; fileRef = 02E7FF8E2439F2CB007F7931 /* MouseManager.swift */; };
/* End PBXBuildFile section */

/* Begin PBXFileReference section */
		0257CAEC243749D90069048F /* ClickAction.h */ = {isa = PBXFileReference; lastKnownFileType = sourcecode.c.h; path = ClickAction.h; sourceTree = "<group>"; };
		0257CAED243749DA0069048F /* ClickAction.m */ = {isa = PBXFileReference; lastKnownFileType = sourcecode.c.objc; path = ClickAction.m; sourceTree = "<group>"; };
		0257CAEF24374B0D0069048F /* ClickAction-Bridging-Header.h */ = {isa = PBXFileReference; lastKnownFileType = sourcecode.c.h; path = "ClickAction-Bridging-Header.h"; sourceTree = "<group>"; };
		02BAA3872436E9D600D67257 /* quickmouse.app */ = {isa = PBXFileReference; explicitFileType = wrapper.application; includeInIndex = 0; path = quickmouse.app; sourceTree = BUILT_PRODUCTS_DIR; };
		02BAA38A2436E9D600D67257 /* AppDelegate.swift */ = {isa = PBXFileReference; lastKnownFileType = sourcecode.swift; path = AppDelegate.swift; sourceTree = "<group>"; };
		02BAA38C2436E9D600D67257 /* ContentView.swift */ = {isa = PBXFileReference; lastKnownFileType = sourcecode.swift; path = ContentView.swift; sourceTree = "<group>"; };
		02BAA38E2436E9E400D67257 /* Assets.xcassets */ = {isa = PBXFileReference; lastKnownFileType = folder.assetcatalog; path = Assets.xcassets; sourceTree = "<group>"; };
		02BAA3912436E9E400D67257 /* Preview Assets.xcassets */ = {isa = PBXFileReference; lastKnownFileType = folder.assetcatalog; path = "Preview Assets.xcassets"; sourceTree = "<group>"; };
		02BAA3942436E9E400D67257 /* Base */ = {isa = PBXFileReference; lastKnownFileType = file.storyboard; name = Base; path = Base.lproj/Main.storyboard; sourceTree = "<group>"; };
		02BAA3962436E9E400D67257 /* Info.plist */ = {isa = PBXFileReference; lastKnownFileType = text.plist.xml; path = Info.plist; sourceTree = "<group>"; };
		02BAA39D2436F9F300D67257 /* MyWindow.swift */ = {isa = PBXFileReference; lastKnownFileType = sourcecode.swift; path = MyWindow.swift; sourceTree = "<group>"; };
		02C72FE025916E380088AD5E /* GridManager.swift */ = {isa = PBXFileReference; lastKnownFileType = sourcecode.swift; path = GridManager.swift; sourceTree = "<group>"; };
		02C72FE42591AB8F0088AD5E /* MenuBarManager.swift */ = {isa = PBXFileReference; lastKnownFileType = sourcecode.swift; path = MenuBarManager.swift; sourceTree = "<group>"; };
		02E7FF882439D2B7007F7931 /* CellManager.swift */ = {isa = PBXFileReference; lastKnownFileType = sourcecode.swift; path = CellManager.swift; sourceTree = "<group>"; };
		02E7FF8A2439D5DB007F7931 /* KeyboardManager.swift */ = {isa = PBXFileReference; lastKnownFileType = sourcecode.swift; path = KeyboardManager.swift; sourceTree = "<group>"; };
		02E7FF8C2439D905007F7931 /* WindowManager.swift */ = {isa = PBXFileReference; lastKnownFileType = sourcecode.swift; path = WindowManager.swift; sourceTree = "<group>"; };
		02E7FF8E2439F2CB007F7931 /* MouseManager.swift */ = {isa = PBXFileReference; lastKnownFileType = sourcecode.swift; path = MouseManager.swift; sourceTree = "<group>"; };
/* End PBXFileReference section */

/* Begin PBXFrameworksBuildPhase section */
		02BAA3842436E9D600D67257 /* Frameworks */ = {
			isa = PBXFrameworksBuildPhase;
			buildActionMask = 2147483647;
			files = (
			);
			runOnlyForDeploymentPostprocessing = 0;
		};
/* End PBXFrameworksBuildPhase section */

/* Begin PBXGroup section */
		02BAA37E2436E9D600D67257 = {
			isa = PBXGroup;
			children = (
				02BAA3892436E9D600D67257 /* quickmouse */,
				02BAA3882436E9D600D67257 /* Products */,
			);
			sourceTree = "<group>";
		};
		02BAA3882436E9D600D67257 /* Products */ = {
			isa = PBXGroup;
			children = (
				02BAA3872436E9D600D67257 /* quickmouse.app */,
			);
			name = Products;
			sourceTree = "<group>";
		};
		02BAA3892436E9D600D67257 /* quickmouse */ = {
			isa = PBXGroup;
			children = (
				02BAA38A2436E9D600D67257 /* AppDelegate.swift */,
				02BAA38C2436E9D600D67257 /* ContentView.swift */,
				02BAA38E2436E9E400D67257 /* Assets.xcassets */,
				02BAA3932436E9E400D67257 /* Main.storyboard */,
				02BAA3962436E9E400D67257 /* Info.plist */,
				02BAA3902436E9E400D67257 /* Preview Content */,
				02BAA39D2436F9F300D67257 /* MyWindow.swift */,
				0257CAED243749DA0069048F /* ClickAction.m */,
				0257CAEC243749D90069048F /* ClickAction.h */,
				0257CAEF24374B0D0069048F /* ClickAction-Bridging-Header.h */,
				02E7FF882439D2B7007F7931 /* CellManager.swift */,
				02E7FF8A2439D5DB007F7931 /* KeyboardManager.swift */,
				02E7FF8C2439D905007F7931 /* WindowManager.swift */,
				02E7FF8E2439F2CB007F7931 /* MouseManager.swift */,
				02C72FE025916E380088AD5E /* GridManager.swift */,
				02C72FE42591AB8F0088AD5E /* MenuBarManager.swift */,
			);
			path = quickmouse;
			sourceTree = "<group>";
		};
		02BAA3902436E9E400D67257 /* Preview Content */ = {
			isa = PBXGroup;
			children = (
				02BAA3912436E9E400D67257 /* Preview Assets.xcassets */,
			);
			path = "Preview Content";
			sourceTree = "<group>";
		};
/* End PBXGroup section */

/* Begin PBXNativeTarget section */
		02BAA3862436E9D600D67257 /* quickmouse */ = {
			isa = PBXNativeTarget;
			buildConfigurationList = 02BAA39A2436E9E400D67257 /* Build configuration list for PBXNativeTarget "quickmouse" */;
			buildPhases = (
				02BAA3832436E9D600D67257 /* Sources */,
				02BAA3842436E9D600D67257 /* Frameworks */,
				02BAA3852436E9D600D67257 /* Resources */,
			);
			buildRules = (
			);
			dependencies = (
			);
			name = quickmouse;
			productName = quickmouse;
			productReference = 02BAA3872436E9D600D67257 /* quickmouse.app */;
			productType = "com.apple.product-type.application";
		};
/* End PBXNativeTarget section */

/* Begin PBXProject section */
		02BAA37F2436E9D600D67257 /* Project object */ = {
			isa = PBXProject;
			attributes = {
				LastSwiftUpdateCheck = 1140;
				LastUpgradeCheck = 1210;
				ORGANIZATIONNAME = "STAK Digital";
				TargetAttributes = {
					02BAA3862436E9D600D67257 = {
						CreatedOnToolsVersion = 11.4;
						LastSwiftMigration = 1130;
					};
				};
			};
			buildConfigurationList = 02BAA3822436E9D600D67257 /* Build configuration list for PBXProject "quickmouse" */;
			compatibilityVersion = "Xcode 9.3";
			developmentRegion = en;
			hasScannedForEncodings = 0;
			knownRegions = (
				en,
				Base,
			);
			mainGroup = 02BAA37E2436E9D600D67257;
			productRefGroup = 02BAA3882436E9D600D67257 /* Products */;
			projectDirPath = "";
			projectRoot = "";
			targets = (
				02BAA3862436E9D600D67257 /* quickmouse */,
			);
		};
/* End PBXProject section */

/* Begin PBXResourcesBuildPhase section */
		02BAA3852436E9D600D67257 /* Resources */ = {
			isa = PBXResourcesBuildPhase;
			buildActionMask = 2147483647;
			files = (
				02BAA3952436E9E400D67257 /* Main.storyboard in Resources */,
				02BAA3922436E9E400D67257 /* Preview Assets.xcassets in Resources */,
				02BAA38F2436E9E400D67257 /* Assets.xcassets in Resources */,
			);
			runOnlyForDeploymentPostprocessing = 0;
		};
/* End PBXResourcesBuildPhase section */

/* Begin PBXSourcesBuildPhase section */
		02BAA3832436E9D600D67257 /* Sources */ = {
			isa = PBXSourcesBuildPhase;
			buildActionMask = 2147483647;
			files = (
				02BAA39E2436F9F300D67257 /* MyWindow.swift in Sources */,
				02E7FF8D2439D905007F7931 /* WindowManager.swift in Sources */,
				02E7FF892439D2B7007F7931 /* CellManager.swift in Sources */,
				02C72FE52591AB8F0088AD5E /* MenuBarManager.swift in Sources */,
				02BAA38D2436E9D600D67257 /* ContentView.swift in Sources */,
				0257CAF024374B0D0069048F /* ClickAction-Bridging-Header.h in Sources */,
				02C72FE125916E380088AD5E /* GridManager.swift in Sources */,
				02BAA38B2436E9D600D67257 /* AppDelegate.swift in Sources */,
				02E7FF8B2439D5DB007F7931 /* KeyboardManager.swift in Sources */,
				0257CAEE243749DA0069048F /* ClickAction.m in Sources */,
				02E7FF8F2439F2CB007F7931 /* MouseManager.swift in Sources */,
			);
			runOnlyForDeploymentPostprocessing = 0;
		};
/* End PBXSourcesBuildPhase section */

/* Begin PBXVariantGroup section */
		02BAA3932436E9E400D67257 /* Main.storyboard */ = {
			isa = PBXVariantGroup;
			children = (
				02BAA3942436E9E400D67257 /* Base */,
			);
			name = Main.storyboard;
			sourceTree = "<group>";
		};
/* End PBXVariantGroup section */

/* Begin XCBuildConfiguration section */
		02BAA3982436E9E400D67257 /* Debug */ = {
			isa = XCBuildConfiguration;
			buildSettings = {
				ALWAYS_SEARCH_USER_PATHS = NO;
				CLANG_ANALYZER_NONNULL = YES;
				CLANG_ANALYZER_NUMBER_OBJECT_CONVERSION = YES_AGGRESSIVE;
				CLANG_CXX_LANGUAGE_STANDARD = "gnu++14";
				CLANG_CXX_LIBRARY = "libc++";
				CLANG_ENABLE_MODULES = YES;
				CLANG_ENABLE_OBJC_ARC = YES;
				CLANG_ENABLE_OBJC_WEAK = YES;
				CLANG_WARN_BLOCK_CAPTURE_AUTORELEASING = YES;
				CLANG_WARN_BOOL_CONVERSION = YES;
				CLANG_WARN_COMMA = YES;
				CLANG_WARN_CONSTANT_CONVERSION = YES;
				CLANG_WARN_DEPRECATED_OBJC_IMPLEMENTATIONS = YES;
				CLANG_WARN_DIRECT_OBJC_ISA_USAGE = YES_ERROR;
				CLANG_WARN_DOCUMENTATION_COMMENTS = YES;
				CLANG_WARN_EMPTY_BODY = YES;
				CLANG_WARN_ENUM_CONVERSION = YES;
				CLANG_WARN_INFINITE_RECURSION = YES;
				CLANG_WARN_INT_CONVERSION = YES;
				CLANG_WARN_NON_LITERAL_NULL_CONVERSION = YES;
				CLANG_WARN_OBJC_IMPLICIT_RETAIN_SELF = YES;
				CLANG_WARN_OBJC_LITERAL_CONVERSION = YES;
				CLANG_WARN_OBJC_ROOT_CLASS = YES_ERROR;
				CLANG_WARN_QUOTED_INCLUDE_IN_FRAMEWORK_HEADER = YES;
				CLANG_WARN_RANGE_LOOP_ANALYSIS = YES;
				CLANG_WARN_STRICT_PROTOTYPES = YES;
				CLANG_WARN_SUSPICIOUS_MOVE = YES;
				CLANG_WARN_UNGUARDED_AVAILABILITY = YES_AGGRESSIVE;
				CLANG_WARN_UNREACHABLE_CODE = YES;
				CLANG_WARN__DUPLICATE_METHOD_MATCH = YES;
				COPY_PHASE_STRIP = NO;
				DEBUG_INFORMATION_FORMAT = dwarf;
				ENABLE_STRICT_OBJC_MSGSEND = YES;
				ENABLE_TESTABILITY = YES;
				GCC_C_LANGUAGE_STANDARD = gnu11;
				GCC_DYNAMIC_NO_PIC = NO;
				GCC_NO_COMMON_BLOCKS = YES;
				GCC_OPTIMIZATION_LEVEL = 0;
				GCC_PREPROCESSOR_DEFINITIONS = (
					"DEBUG=1",
					"$(inherited)",
				);
				GCC_WARN_64_TO_32_BIT_CONVERSION = YES;
				GCC_WARN_ABOUT_RETURN_TYPE = YES_ERROR;
				GCC_WARN_UNDECLARED_SELECTOR = YES;
				GCC_WARN_UNINITIALIZED_AUTOS = YES_AGGRESSIVE;
				GCC_WARN_UNUSED_FUNCTION = YES;
				GCC_WARN_UNUSED_VARIABLE = YES;
				MACOSX_DEPLOYMENT_TARGET = 10.15;
				MTL_ENABLE_DEBUG_INFO = INCLUDE_SOURCE;
				MTL_FAST_MATH = YES;
				ONLY_ACTIVE_ARCH = YES;
				SDKROOT = macosx;
				SWIFT_ACTIVE_COMPILATION_CONDITIONS = DEBUG;
				SWIFT_OPTIMIZATION_LEVEL = "-Onone";
			};
			name = Debug;
		};
		02BAA3992436E9E400D67257 /* Release */ = {
			isa = XCBuildConfiguration;
			buildSettings = {
				ALWAYS_SEARCH_USER_PATHS = NO;
				CLANG_ANALYZER_NONNULL = YES;
				CLANG_ANALYZER_NUMBER_OBJECT_CONVERSION = YES_AGGRESSIVE;
				CLANG_CXX_LANGUAGE_STANDARD = "gnu++14";
				CLANG_CXX_LIBRARY = "libc++";
				CLANG_ENABLE_MODULES = YES;
				CLANG_ENABLE_OBJC_ARC = YES;
				CLANG_ENABLE_OBJC_WEAK = YES;
				CLANG_WARN_BLOCK_CAPTURE_AUTORELEASING = YES;
				CLANG_WARN_BOOL_CONVERSION = YES;
				CLANG_WARN_COMMA = YES;
				CLANG_WARN_CONSTANT_CONVERSION = YES;
				CLANG_WARN_DEPRECATED_OBJC_IMPLEMENTATIONS = YES;
				CLANG_WARN_DIRECT_OBJC_ISA_USAGE = YES_ERROR;
				CLANG_WARN_DOCUMENTATION_COMMENTS = YES;
				CLANG_WARN_EMPTY_BODY = YES;
				CLANG_WARN_ENUM_CONVERSION = YES;
				CLANG_WARN_INFINITE_RECURSION = YES;
				CLANG_WARN_INT_CONVERSION = YES;
				CLANG_WARN_NON_LITERAL_NULL_CONVERSION = YES;
				CLANG_WARN_OBJC_IMPLICIT_RETAIN_SELF = YES;
				CLANG_WARN_OBJC_LITERAL_CONVERSION = YES;
				CLANG_WARN_OBJC_ROOT_CLASS = YES_ERROR;
				CLANG_WARN_QUOTED_INCLUDE_IN_FRAMEWORK_HEADER = YES;
				CLANG_WARN_RANGE_LOOP_ANALYSIS = YES;
				CLANG_WARN_STRICT_PROTOTYPES = YES;
				CLANG_WARN_SUSPICIOUS_MOVE = YES;
				CLANG_WARN_UNGUARDED_AVAILABILITY = YES_AGGRESSIVE;
				CLANG_WARN_UNREACHABLE_CODE = YES;
				CLANG_WARN__DUPLICATE_METHOD_MATCH = YES;
				COPY_PHASE_STRIP = NO;
				DEBUG_INFORMATION_FORMAT = "dwarf-with-dsym";
				ENABLE_NS_ASSERTIONS = NO;
				ENABLE_STRICT_OBJC_MSGSEND = YES;
				GCC_C_LANGUAGE_STANDARD = gnu11;
				GCC_NO_COMMON_BLOCKS = YES;
				GCC_WARN_64_TO_32_BIT_CONVERSION = YES;
				GCC_WARN_ABOUT_RETURN_TYPE = YES_ERROR;
				GCC_WARN_UNDECLARED_SELECTOR = YES;
				GCC_WARN_UNINITIALIZED_AUTOS = YES_AGGRESSIVE;
				GCC_WARN_UNUSED_FUNCTION = YES;
				GCC_WARN_UNUSED_VARIABLE = YES;
				MACOSX_DEPLOYMENT_TARGET = 10.15;
				MTL_ENABLE_DEBUG_INFO = NO;
				MTL_FAST_MATH = YES;
				SDKROOT = macosx;
				SWIFT_COMPILATION_MODE = wholemodule;
				SWIFT_OPTIMIZATION_LEVEL = "-O";
			};
			name = Release;
		};
		02BAA39B2436E9E400D67257 /* Debug */ = {
			isa = XCBuildConfiguration;
			buildSettings = {
				ASSETCATALOG_COMPILER_APPICON_NAME = AppIcon;
				CLANG_ENABLE_MODULES = YES;
				CODE_SIGN_ENTITLEMENTS = quickmouse/quickmouse.entitlements;
				CODE_SIGN_IDENTITY = "-";
				CODE_SIGN_STYLE = Automatic;
				COMBINE_HIDPI_IMAGES = YES;
				DEVELOPMENT_ASSET_PATHS = "\"quickmouse/Preview Content\"";
				ENABLE_PREVIEWS = YES;
				INFOPLIST_FILE = quickmouse/Info.plist;
				LD_RUNPATH_SEARCH_PATHS = (
					"$(inherited)",
					"@executable_path/../Frameworks",
				);
				MACOSX_DEPLOYMENT_TARGET = 10.15;
				PRODUCT_BUNDLE_IDENTIFIER = digital.stak.quickmouse;
				PRODUCT_NAME = "$(TARGET_NAME)";
				SWIFT_OBJC_BRIDGING_HEADER = "quickmouse/ClickAction-Bridging-Header.h";
				SWIFT_OPTIMIZATION_LEVEL = "-Onone";
				SWIFT_VERSION = 5.0;
			};
			name = Debug;
		};
		02BAA39C2436E9E400D67257 /* Release */ = {
			isa = XCBuildConfiguration;
			buildSettings = {
				ASSETCATALOG_COMPILER_APPICON_NAME = AppIcon;
				CLANG_ENABLE_MODULES = YES;
				CODE_SIGN_ENTITLEMENTS = quickmouse/quickmouse.entitlements;
				CODE_SIGN_IDENTITY = "-";
				CODE_SIGN_STYLE = Automatic;
				COMBINE_HIDPI_IMAGES = YES;
				DEVELOPMENT_ASSET_PATHS = "\"quickmouse/Preview Content\"";
				ENABLE_PREVIEWS = YES;
				INFOPLIST_FILE = quickmouse/Info.plist;
				LD_RUNPATH_SEARCH_PATHS = (
					"$(inherited)",
					"@executable_path/../Frameworks",
				);
				MACOSX_DEPLOYMENT_TARGET = 10.15;
				PRODUCT_BUNDLE_IDENTIFIER = digital.stak.quickmouse;
				PRODUCT_NAME = "$(TARGET_NAME)";
				SWIFT_OBJC_BRIDGING_HEADER = "quickmouse/ClickAction-Bridging-Header.h";
				SWIFT_VERSION = 5.0;
			};
			name = Release;
		};
/* End XCBuildConfiguration section */

/* Begin XCConfigurationList section */
		02BAA3822436E9D600D67257 /* Build configuration list for PBXProject "quickmouse" */ = {
			isa = XCConfigurationList;
			buildConfigurations = (
				02BAA3982436E9E400D67257 /* Debug */,
				02BAA3992436E9E400D67257 /* Release */,
			);
			defaultConfigurationIsVisible = 0;
			defaultConfigurationName = Release;
		};
		02BAA39A2436E9E400D67257 /* Build configuration list for PBXNativeTarget "quickmouse" */ = {
			isa = XCConfigurationList;
			buildConfigurations = (
				02BAA39B2436E9E400D67257 /* Debug */,
				02BAA39C2436E9E400D67257 /* Release */,
			);
			defaultConfigurationIsVisible = 0;
			defaultConfigurationName = Release;
		};
/* End XCConfigurationList section */
	};
	rootObject = 02BAA37F2436E9D600D67257 /* Project object */;
}
